<?xml version="1.0" encoding="utf-8"?>
<Project ToolsVersion="4.0" xmlns="http://schemas.microsoft.com/developer/msbuild/2003">
  <ItemGroup>
    <Filter Include="Ravi">
      <UniqueIdentifier>{D7B28B7C-C3E9-8C0D-6CD6-721058EC080F}</UniqueIdentifier>
    </Filter>
  </ItemGroup>
  <ItemGroup>
    <ClInclude Include="src\Ravi.h" />
    <ClInclude Include="src\Ravi\Application.h">
      <Filter>Ravi</Filter>
    </ClInclude>
    <ClInclude Include="src\Ravi\CORE.H">
      <Filter>Ravi</Filter>
    </ClInclude>
    <ClInclude Include="src\Ravi\EntryPoint.h">
      <Filter>Ravi</Filter>
    </ClInclude>
    <ClInclude Include="src\Ravi\Log.h">
      <Filter>Ravi</Filter>
    </ClInclude>
  </ItemGroup>
  <ItemGroup>
    <ClCompile Include="src\Ravi\Application.cpp">
      <Filter>Ravi</Filter>
    </ClCompile>
    <ClCompile Include="src\Ravi\Log.cpp">
      <Filter>Ravi</Filter>
    </ClCompile>
  </ItemGroup>
</Project>