<?xml version="1.0" encoding="utf-8"?>
<Project ToolsVersion="4.0" xmlns="http://schemas.microsoft.com/developer/msbuild/2003">
  <ItemGroup>
    <Filter Include="Platform">
      <UniqueIdentifier>{2AC788B4-1694-E3BF-3FAD-D1672BD9184E}</UniqueIdentifier>
    </Filter>
    <Filter Include="Platform\Windows">
      <UniqueIdentifier>{64FBD71A-50F4-F66C-7926-DCF1657ED678}</UniqueIdentifier>
    </Filter>
    <Filter Include="Ravi">
      <UniqueIdentifier>{D7B28B7C-C3E9-8C0D-6CD6-721058EC080F}</UniqueIdentifier>
    </Filter>
    <Filter Include="Ravi\Events">
      <UniqueIdentifier>{DBE6EE8E-479C-6784-D090-615B3C455E88}</UniqueIdentifier>
    </Filter>
  </ItemGroup>
  <ItemGroup>
    <ClInclude Include="src\Platform\Windows\WindowsWindow.h">
      <Filter>Platform\Windows</Filter>
    </ClInclude>
    <ClInclude Include="src\Ravi.h" />
    <ClInclude Include="src\Ravi\Application.h">
      <Filter>Ravi</Filter>
    </ClInclude>
    <ClInclude Include="src\Ravi\CORE.H">
      <Filter>Ravi</Filter>
    </ClInclude>
    <ClInclude Include="src\Ravi\EntryPoint.h">
      <Filter>Ravi</Filter>
    </ClInclude>
    <ClInclude Include="src\Ravi\Events\ApplicationEvent.h">
      <Filter>Ravi\Events</Filter>
    </ClInclude>
    <ClInclude Include="src\Ravi\Events\Event.h">
      <Filter>Ravi\Events</Filter>
    </ClInclude>
    <ClInclude Include="src\Ravi\Events\KeyEvent.h">
      <Filter>Ravi\Events</Filter>
    </ClInclude>
    <ClInclude Include="src\Ravi\Events\MouseEvent.h">
      <Filter>Ravi\Events</Filter>
    </ClInclude>
    <ClInclude Include="src\Ravi\Log.h">
      <Filter>Ravi</Filter>
    </ClInclude>
    <ClInclude Include="src\Ravi\Window.h">
      <Filter>Ravi</Filter>
    </ClInclude>
    <ClInclude Include="src\rvpch.h" />
  </ItemGroup>
  <ItemGroup>
    <ClCompile Include="src\Platform\Windows\WindowsWindow.cpp">
      <Filter>Platform\Windows</Filter>
    </ClCompile>
    <ClCompile Include="src\Ravi\Application.cpp">
      <Filter>Ravi</Filter>
    </ClCompile>
    <ClCompile Include="src\Ravi\Log.cpp">
      <Filter>Ravi</Filter>
    </ClCompile>
    <ClCompile Include="src\rvpch.cpp" />
  </ItemGroup>
</Project>